lockfileVersion: 5.4

specifiers:
  animejs: ^3.2.1
  aos: ^2.3.4
  axios: ^0.25
  laravel-vite-plugin: ^0.7.0
  lodash: ^4.17.19
  postcss: ^8.1.14
  postcss-import: ^14.0.1
  resolve-url-loader: ^5.0.0
  sass: ^1.51.0
  sass-loader: ^12.6.0
  scrollreveal: ^4.0.9
  typed.js: ^2.0.12
  vite: ^3.2.4

dependencies:
  animejs: 3.2.1
  aos: 2.3.4
  scrollreveal: 4.0.9
  typed.js: 2.0.12

devDependencies:
  axios: 0.25.0
  laravel-vite-plugin: 0.7.1_vite@3.2.4
  lodash: 4.17.21
  postcss: 8.4.19
  postcss-import: 14.1.0_postcss@8.4.19
  resolve-url-loader: 5.0.0
  sass: 1.56.1
  sass-loader: 12.6.0_sass@1.56.1
  vite: 3.2.4_sass@1.56.1

packages:

  /@esbuild/android-arm/0.15.16:
    resolution: {integrity: sha512-nyB6CH++2mSgx3GbnrJsZSxzne5K0HMyNIWafDHqYy7IwxFc4fd/CgHVZXr8Eh+Q3KbIAcAe3vGyqIPhGblvMQ==}
    engines: {node: '>=12'}
    cpu: [arm]
    os: [android]
    requiresBuild: true
    dev: true
    optional: true

  /@esbuild/linux-loong64/0.15.16:
    resolution: {integrity: sha512-SDLfP1uoB0HZ14CdVYgagllgrG7Mdxhkt4jDJOKl/MldKrkQ6vDJMZKl2+5XsEY/Lzz37fjgLQoJBGuAw/x8kQ==}
    engines: {node: '>=12'}
    cpu: [loong64]
    os: [linux]
    requiresBuild: true
    dev: true
    optional: true

  /adjust-sourcemap-loader/4.0.0:
    resolution: {integrity: sha512-OXwN5b9pCUXNQHJpwwD2qP40byEmSgzj8B4ydSN0uMNYWiFmJ6x6KwUllMmfk8Rwu/HJDFR7U8ubsWBoN0Xp0A==}
    engines: {node: '>=8.9'}
    dependencies:
      loader-utils: 2.0.4
      regex-parser: 2.2.11
    dev: true

  /animejs/3.2.1:
    resolution: {integrity: sha512-sWno3ugFryK5nhiDm/2BKeFCpZv7vzerWUcUPyAZLDhMek3+S/p418ldZJbJXo5ZUOpfm2kP2XRO4NJcULMy9A==}
    dev: false

  /anymatch/3.1.3:
    resolution: {integrity: sha512-KMReFUr0B4t+D+OBkjR3KYqvocp2XaSzO55UcB6mgQMd3KbcE+mWTyvVV7D/zsdEbNnV6acZUutkiHQXvTr1Rw==}
    engines: {node: '>= 8'}
    dependencies:
      normalize-path: 3.0.0
      picomatch: 2.3.1
    dev: true

  /aos/2.3.4:
    resolution: {integrity: sha512-zh/ahtR2yME4I51z8IttIt4lC1Nw0ktsFtmeDzID1m9naJnWXhCoARaCgNOGXb5CLy3zm+wqmRAEgMYB5E2HUw==}
    dependencies:
      classlist-polyfill: 1.2.0
      lodash.debounce: 4.0.8
      lodash.throttle: 4.1.1
    dev: false

  /axios/0.25.0:
    resolution: {integrity: sha512-cD8FOb0tRH3uuEe6+evtAbgJtfxr7ly3fQjYcMcuPlgkwVS9xboaVIpcDV+cYQe+yGykgwZCs1pzjntcGa6l5g==}
    dependencies:
      follow-redirects: 1.15.2
    transitivePeerDependencies:
      - debug
    dev: true

  /big.js/5.2.2:
    resolution: {integrity: sha512-vyL2OymJxmarO8gxMr0mhChsO9QGwhynfuu4+MHTAW6czfq9humCB7rKpUjDd9YUiDPU4mzpyupFSvOClAwbmQ==}
    dev: true

  /binary-extensions/2.2.0:
    resolution: {integrity: sha512-jDctJ/IVQbZoJykoeHbhXpOlNBqGNcwXJKJog42E5HDPUwQTSdjCHdihjj0DlnheQ7blbT6dHOafNAiS8ooQKA==}
    engines: {node: '>=8'}
    dev: true

  /braces/3.0.2:
    resolution: {integrity: sha512-b8um+L1RzM3WDSzvhm6gIz1yfTbBt6YTlcEKAvsmqCZZFw46z626lVj9j1yEPW33H5H+lBQpZMP1k8l+78Ha0A==}
    engines: {node: '>=8'}
    dependencies:
      fill-range: 7.0.1
    dev: true

  /chokidar/3.5.3:
    resolution: {integrity: sha512-Dr3sfKRP6oTcjf2JmUmFJfeVMvXBdegxB0iVQ5eb2V10uFJUCAS8OByZdVAyVb8xXNz3GjjTgj9kLWsZTqE6kw==}
    engines: {node: '>= 8.10.0'}
    dependencies:
      anymatch: 3.1.3
      braces: 3.0.2
      glob-parent: 5.1.2
      is-binary-path: 2.1.0
      is-glob: 4.0.3
      normalize-path: 3.0.0
      readdirp: 3.6.0
    optionalDependencies:
      fsevents: 2.3.2
    dev: true

  /classlist-polyfill/1.2.0:
    resolution: {integrity: sha512-GzIjNdcEtH4ieA2S8NmrSxv7DfEV5fmixQeyTmqmRmRJPGpRBaSnA2a0VrCjyT8iW8JjEdMbKzDotAJf+ajgaQ==}
    dev: false

  /convert-source-map/1.9.0:
    resolution: {integrity: sha512-ASFBup0Mz1uyiIjANan1jzLQami9z1PoYSZCiiYW2FczPbenXc45FZdBZLzOT+r6+iciuEModtmCti+hjaAk0A==}
    dev: true

  /emojis-list/3.0.0:
    resolution: {integrity: sha512-/kyM18EfinwXZbno9FyUGeFh87KC8HRQBQGildHZbEuRyWFOmv1U10o9BBp8XVZDVNNuQKyIGIu5ZYAAXJ0V2Q==}
    engines: {node: '>= 4'}
    dev: true

  /esbuild-android-64/0.15.16:
    resolution: {integrity: sha512-Vwkv/sT0zMSgPSVO3Jlt1pUbnZuOgtOQJkJkyyJFAlLe7BiT8e9ESzo0zQSx4c3wW4T6kGChmKDPMbWTgtliQA==}
    engines: {node: '>=12'}
    cpu: [x64]
    os: [android]
    requiresBuild: true
    dev: true
    optional: true

  /esbuild-android-arm64/0.15.16:
    resolution: {integrity: sha512-lqfKuofMExL5niNV3gnhMUYacSXfsvzTa/58sDlBET/hCOG99Zmeh+lz6kvdgvGOsImeo6J9SW21rFCogNPLxg==}
    engines: {node: '>=12'}
    cpu: [arm64]
    os: [android]
    requiresBuild: true
    dev: true
    optional: true

  /esbuild-darwin-64/0.15.16:
    resolution: {integrity: sha512-wo2VWk/n/9V2TmqUZ/KpzRjCEcr00n7yahEdmtzlrfQ3lfMCf3Wa+0sqHAbjk3C6CKkR3WKK/whkMq5Gj4Da9g==}
    engines: {node: '>=12'}
    cpu: [x64]
    os: [darwin]
    requiresBuild: true
    dev: true
    optional: true

  /esbuild-darwin-arm64/0.15.16:
    resolution: {integrity: sha512-fMXaUr5ou0M4WnewBKsspMtX++C1yIa3nJ5R2LSbLCfJT3uFdcRoU/NZjoM4kOMKyOD9Sa/2vlgN8G07K3SJnw==}
    engines: {node: '>=12'}
    cpu: [arm64]
    os: [darwin]
    requiresBuild: true
    dev: true
    optional: true

  /esbuild-freebsd-64/0.15.16:
    resolution: {integrity: sha512-UzIc0xlRx5x9kRuMr+E3+hlSOxa/aRqfuMfiYBXu2jJ8Mzej4lGL7+o6F5hzhLqWfWm1GWHNakIdlqg1ayaTNQ==}
    engines: {node: '>=12'}
    cpu: [x64]
    os: [freebsd]
    requiresBuild: true
    dev: true
    optional: true

  /esbuild-freebsd-arm64/0.15.16:
    resolution: {integrity: sha512-8xyiYuGc0DLZphFQIiYaLHlfoP+hAN9RHbE+Ibh8EUcDNHAqbQgUrQg7pE7Bo00rXmQ5Ap6KFgcR0b4ALZls1g==}
    engines: {node: '>=12'}
    cpu: [arm64]
    os: [freebsd]
    requiresBuild: true
    dev: true
    optional: true

  /esbuild-linux-32/0.15.16:
    resolution: {integrity: sha512-iGijUTV+0kIMyUVoynK0v+32Oi8yyp0xwMzX69GX+5+AniNy/C/AL1MjFTsozRp/3xQPl7jVux/PLe2ds10/2w==}
    engines: {node: '>=12'}
    cpu: [ia32]
    os: [linux]
    requiresBuild: true
    dev: true
    optional: true

  /esbuild-linux-64/0.15.16:
    resolution: {integrity: sha512-tuSOjXdLw7VzaUj89fIdAaQT7zFGbKBcz4YxbWrOiXkwscYgE7HtTxUavreBbnRkGxKwr9iT/gmeJWNm4djy/g==}
    engines: {node: '>=12'}
    cpu: [x64]
    os: [linux]
    requiresBuild: true
    dev: true
    optional: true

  /esbuild-linux-arm/0.15.16:
    resolution: {integrity: sha512-XKcrxCEXDTOuoRj5l12tJnkvuxXBMKwEC5j0JISw3ziLf0j4zIwXbKbTmUrKFWbo6ZgvNpa7Y5dnbsjVvH39bQ==}
    engines: {node: '>=12'}
    cpu: [arm]
    os: [linux]
    requiresBuild: true
    dev: true
    optional: true

  /esbuild-linux-arm64/0.15.16:
    resolution: {integrity: sha512-mPYksnfHnemNrvjrDhZyixL/AfbJN0Xn9S34ZOHYdh6/jJcNd8iTsv3JwJoEvTJqjMggjMhGUPJAdjnFBHoH8A==}
    engines: {node: '>=12'}
    cpu: [arm64]
    os: [linux]
    requiresBuild: true
    dev: true
    optional: true

  /esbuild-linux-mips64le/0.15.16:
    resolution: {integrity: sha512-kSJO2PXaxfm0pWY39+YX+QtpFqyyrcp0ZeI8QPTrcFVQoWEPiPVtOfTZeS3ZKedfH+Ga38c4DSzmKMQJocQv6A==}
    engines: {node: '>=12'}
    cpu: [mips64el]
    os: [linux]
    requiresBuild: true
    dev: true
    optional: true

  /esbuild-linux-ppc64le/0.15.16:
    resolution: {integrity: sha512-NimPikwkBY0yGABw6SlhKrtT35sU4O23xkhlrTT/O6lSxv3Pm5iSc6OYaqVAHWkLdVf31bF4UDVFO+D990WpAA==}
    engines: {node: '>=12'}
    cpu: [ppc64]
    os: [linux]
    requiresBuild: true
    dev: true
    optional: true

  /esbuild-linux-riscv64/0.15.16:
    resolution: {integrity: sha512-ty2YUHZlwFOwp7pR+J87M4CVrXJIf5ZZtU/umpxgVJBXvWjhziSLEQxvl30SYfUPq0nzeWKBGw5i/DieiHeKfw==}
    engines: {node: '>=12'}
    cpu: [riscv64]
    os: [linux]
    requiresBuild: true
    dev: true
    optional: true

  /esbuild-linux-s390x/0.15.16:
    resolution: {integrity: sha512-VkZaGssvPDQtx4fvVdZ9czezmyWyzpQhEbSNsHZZN0BHvxRLOYAQ7sjay8nMQwYswP6O2KlZluRMNPYefFRs+w==}
    engines: {node: '>=12'}
    cpu: [s390x]
    os: [linux]
    requiresBuild: true
    dev: true
    optional: true

  /esbuild-netbsd-64/0.15.16:
    resolution: {integrity: sha512-ElQ9rhdY51et6MJTWrCPbqOd/YuPowD7Cxx3ee8wlmXQQVW7UvQI6nSprJ9uVFQISqSF5e5EWpwWqXZsECLvXg==}
    engines: {node: '>=12'}
    cpu: [x64]
    os: [netbsd]
    requiresBuild: true
    dev: true
    optional: true

  /esbuild-openbsd-64/0.15.16:
    resolution: {integrity: sha512-KgxMHyxMCT+NdLQE1zVJEsLSt2QQBAvJfmUGDmgEq8Fvjrf6vSKB00dVHUEDKcJwMID6CdgCpvYNt999tIYhqA==}
    engines: {node: '>=12'}
    cpu: [x64]
    os: [openbsd]
    requiresBuild: true
    dev: true
    optional: true

  /esbuild-sunos-64/0.15.16:
    resolution: {integrity: sha512-exSAx8Phj7QylXHlMfIyEfNrmqnLxFqLxdQF6MBHPdHAjT7fsKaX6XIJn+aQEFiOcE4X8e7VvdMCJ+WDZxjSRQ==}
    engines: {node: '>=12'}
    cpu: [x64]
    os: [sunos]
    requiresBuild: true
    dev: true
    optional: true

  /esbuild-windows-32/0.15.16:
    resolution: {integrity: sha512-zQgWpY5pUCSTOwqKQ6/vOCJfRssTvxFuEkpB4f2VUGPBpdddZfdj8hbZuFRdZRPIVHvN7juGcpgCA/XCF37mAQ==}
    engines: {node: '>=12'}
    cpu: [ia32]
    os: [win32]
    requiresBuild: true
    dev: true
    optional: true

  /esbuild-windows-64/0.15.16:
    resolution: {integrity: sha512-HjW1hHRLSncnM3MBCP7iquatHVJq9l0S2xxsHHj4yzf4nm9TU4Z7k4NkeMlD/dHQ4jPlQQhwcMvwbJiOefSuZw==}
    engines: {node: '>=12'}
    cpu: [x64]
    os: [win32]
    requiresBuild: true
    dev: true
    optional: true

  /esbuild-windows-arm64/0.15.16:
    resolution: {integrity: sha512-oCcUKrJaMn04Vxy9Ekd8x23O8LoU01+4NOkQ2iBToKgnGj5eo1vU9i27NQZ9qC8NFZgnQQZg5oZWAejmbsppNA==}
    engines: {node: '>=12'}
    cpu: [arm64]
    os: [win32]
    requiresBuild: true
    dev: true
    optional: true

  /esbuild/0.15.16:
    resolution: {integrity: sha512-o6iS9zxdHrrojjlj6pNGC2NAg86ECZqIETswTM5KmJitq+R1YmahhWtMumeQp9lHqJaROGnsBi2RLawGnfo5ZQ==}
    engines: {node: '>=12'}
    hasBin: true
    requiresBuild: true
    optionalDependencies:
      '@esbuild/android-arm': 0.15.16
      '@esbuild/linux-loong64': 0.15.16
      esbuild-android-64: 0.15.16
      esbuild-android-arm64: 0.15.16
      esbuild-darwin-64: 0.15.16
      esbuild-darwin-arm64: 0.15.16
      esbuild-freebsd-64: 0.15.16
      esbuild-freebsd-arm64: 0.15.16
      esbuild-linux-32: 0.15.16
      esbuild-linux-64: 0.15.16
      esbuild-linux-arm: 0.15.16
      esbuild-linux-arm64: 0.15.16
      esbuild-linux-mips64le: 0.15.16
      esbuild-linux-ppc64le: 0.15.16
      esbuild-linux-riscv64: 0.15.16
      esbuild-linux-s390x: 0.15.16
      esbuild-netbsd-64: 0.15.16
      esbuild-openbsd-64: 0.15.16
      esbuild-sunos-64: 0.15.16
      esbuild-windows-32: 0.15.16
      esbuild-windows-64: 0.15.16
      esbuild-windows-arm64: 0.15.16
    dev: true

  /fill-range/7.0.1:
    resolution: {integrity: sha512-qOo9F+dMUmC2Lcb4BbVvnKJxTPjCm+RRpe4gDuGrzkL7mEVl/djYSu2OdQ2Pa302N4oqkSg9ir6jaLWJ2USVpQ==}
    engines: {node: '>=8'}
    dependencies:
      to-regex-range: 5.0.1
    dev: true

  /follow-redirects/1.15.2:
    resolution: {integrity: sha512-VQLG33o04KaQ8uYi2tVNbdrWp1QWxNNea+nmIB4EVM28v0hmP17z7aG1+wAkNzVq4KeXTq3221ye5qTJP91JwA==}
    engines: {node: '>=4.0'}
    peerDependencies:
      debug: '*'
    peerDependenciesMeta:
      debug:
        optional: true
    dev: true

  /fsevents/2.3.2:
    resolution: {integrity: sha512-xiqMQR4xAeHTuB9uWm+fFRcIOgKBMiOBP+eXiyT7jsgVCq1bkVygt00oASowB7EdtpOHaaPgKt812P9ab+DDKA==}
    engines: {node: ^8.16.0 || ^10.6.0 || >=11.0.0}
    os: [darwin]
    requiresBuild: true
    dev: true
    optional: true

  /function-bind/1.1.1:
    resolution: {integrity: sha512-yIovAzMX49sF8Yl58fSCWJ5svSLuaibPxXQJFLmBObTuCr0Mf1KiPopGM9NiFjiYBCbfaa2Fh6breQ6ANVTI0A==}
    dev: true

  /glob-parent/5.1.2:
    resolution: {integrity: sha512-AOIgSQCepiJYwP3ARnGx+5VnTu2HBYdzbGP45eLw1vr3zB3vZLeyed1sC9hnbcOc9/SrMyM5RPQrkGz4aS9Zow==}
    engines: {node: '>= 6'}
    dependencies:
      is-glob: 4.0.3
    dev: true

  /has/1.0.3:
    resolution: {integrity: sha512-f2dvO0VU6Oej7RkWJGrehjbzMAjFp5/VKPp5tTpWIV4JHHZK1/BxbFRtf/siA2SWTe09caDmVtYYzWEIbBS4zw==}
    engines: {node: '>= 0.4.0'}
    dependencies:
      function-bind: 1.1.1
    dev: true

  /immutable/4.1.0:
    resolution: {integrity: sha512-oNkuqVTA8jqG1Q6c+UglTOD1xhC1BtjKI7XkCXRkZHrN5m18/XsnUp8Q89GkQO/z+0WjonSvl0FLhDYftp46nQ==}
    dev: true

  /is-binary-path/2.1.0:
    resolution: {integrity: sha512-ZMERYes6pDydyuGidse7OsHxtbI7WVeUEozgR/g7rd0xUimYNlvZRE/K2MgZTjWy725IfelLeVcEM97mmtRGXw==}
    engines: {node: '>=8'}
    dependencies:
      binary-extensions: 2.2.0
    dev: true

  /is-core-module/2.11.0:
    resolution: {integrity: sha512-RRjxlvLDkD1YJwDbroBHMb+cukurkDWNyHx7D3oNB5x9rb5ogcksMC5wHCadcXoo67gVr/+3GFySh3134zi6rw==}
    dependencies:
      has: 1.0.3
    dev: true

  /is-dom-node-list/1.2.1:
    resolution: {integrity: sha512-P1H071iT5TGG8pAHslhrLDo/tQLYc8tGuWABVqhGU4l2mm7aDNb9cx2myQ2AujEQO6B2cAujcW4a0/+6UfXInw==}
    dependencies:
      is-dom-node: 1.0.4
    dev: false

  /is-dom-node/1.0.4:
    resolution: {integrity: sha512-NEnTHKCeyGJTL0cKdzATF8SWzyTMYf5CbNKWBvsXvyMxZG32g+a09qkeCbrfQNLTD85CbPeHb4YjIJCjyzF0yA==}
    dev: false

  /is-extglob/2.1.1:
    resolution: {integrity: sha512-SbKbANkN603Vi4jEZv49LeVJMn4yGwsbzZworEoyEiutsN3nJYdbO36zfhGJ6QEDpOZIFkDtnq5JRxmvl3jsoQ==}
    engines: {node: '>=0.10.0'}
    dev: true

  /is-glob/4.0.3:
    resolution: {integrity: sha512-xelSayHH36ZgE7ZWhli7pW34hNbNl8Ojv5KVmkJD4hBdD3th8Tfk9vYasLM+mXWOZhFkgZfxhLSnrwRr4elSSg==}
    engines: {node: '>=0.10.0'}
    dependencies:
      is-extglob: 2.1.1
    dev: true

  /is-number/7.0.0:
    resolution: {integrity: sha512-41Cifkg6e8TylSpdtTpeLVMqvSBEVzTttHvERD741+pnZ8ANv0004MRL43QKPDlK9cGvNp6NZWZUBlbGXYxxng==}
    engines: {node: '>=0.12.0'}
    dev: true

  /json5/2.2.1:
    resolution: {integrity: sha512-1hqLFMSrGHRHxav9q9gNjJ5EXznIxGVO09xQRrwplcS8qs28pZ8s8hupZAmqDwZUmVZ2Qb2jnyPOWcDH8m8dlA==}
    engines: {node: '>=6'}
    hasBin: true
    dev: true

  /klona/2.0.5:
    resolution: {integrity: sha512-pJiBpiXMbt7dkzXe8Ghj/u4FfXOOa98fPW+bihOJ4SjnoijweJrNThJfd3ifXpXhREjpoF2mZVH1GfS9LV3kHQ==}
    engines: {node: '>= 8'}
    dev: true

  /laravel-vite-plugin/0.7.1_vite@3.2.4:
    resolution: {integrity: sha512-nz2slMkGyabfEnXYsQnDJHCefQBdIJgeTkm2wgWEYbAaddwLzTSjmhT1diRm9TUYwIrNqlbuPNVD3VYy/kP9Wg==}
    engines: {node: '>=14'}
    peerDependencies:
      vite: ^3.0.0
    dependencies:
      vite: 3.2.4_sass@1.56.1
      vite-plugin-full-reload: 1.0.4_vite@3.2.4
    dev: true

  /loader-utils/2.0.4:
    resolution: {integrity: sha512-xXqpXoINfFhgua9xiqD8fPFHgkoq1mmmpE92WlDbm9rNRd/EbRb+Gqf908T2DMfuHjjJlksiK2RbHVOdD/MqSw==}
    engines: {node: '>=8.9.0'}
    dependencies:
      big.js: 5.2.2
      emojis-list: 3.0.0
      json5: 2.2.1
    dev: true

  /lodash.debounce/4.0.8:
    resolution: {integrity: sha512-FT1yDzDYEoYWhnSGnpE/4Kj1fLZkDFyqRb7fNt6FdYOSxlUWAtp42Eh6Wb0rGIv/m9Bgo7x4GhQbm5Ys4SG5ow==}
    dev: false

  /lodash.throttle/4.1.1:
    resolution: {integrity: sha512-wIkUCfVKpVsWo3JSZlc+8MB5it+2AN5W8J7YVMST30UrvcQNZ1Okbj+rbVniijTWE6FGYy4XJq/rHkas8qJMLQ==}
    dev: false

  /lodash/4.17.21:
    resolution: {integrity: sha512-v2kDEe57lecTulaDIuNTPy3Ry4gLGJ6Z1O3vE1krgXZNrsQ+LFTGHVxVjcXPs17LhbZVGedAJv8XZ1tvj5FvSg==}
    dev: true

  /miniraf/1.0.0:
    resolution: {integrity: sha512-XpvhtJYzVrpXe+JoAthrT9E40NIrSDDMcdHEYL2M+lR/OCas0nadetcBBq/MWYqlgV5aDWVQ3mfAqd+fG6Y/EQ==}
    dev: false

  /nanoid/3.3.4:
    resolution: {integrity: sha512-MqBkQh/OHTS2egovRtLk45wEyNXwF+cokD+1YPf9u5VfJiRdAiRwB2froX5Co9Rh20xs4siNPm8naNotSD6RBw==}
    engines: {node: ^10 || ^12 || ^13.7 || ^14 || >=15.0.1}
    hasBin: true
    dev: true

  /neo-async/2.6.2:
    resolution: {integrity: sha512-Yd3UES5mWCSqR+qNT93S3UoYUkqAZ9lLg8a7g9rimsWmYGK8cVToA4/sF3RrshdyV3sAGMXVUmpMYOw+dLpOuw==}
    dev: true

  /normalize-path/3.0.0:
    resolution: {integrity: sha512-6eZs5Ls3WtCisHWp9S2GUy8dqkpGi4BVSz3GaqiE6ezub0512ESztXUwUB6C6IKbQkY2Pnb/mD4WYojCRwcwLA==}
    engines: {node: '>=0.10.0'}
    dev: true

  /path-parse/1.0.7:
    resolution: {integrity: sha512-LDJzPVEEEPR+y48z93A0Ed0yXb8pAByGWo/k5YYdYgpY2/2EsOsksJrq7lOHxryrVOn1ejG6oAp8ahvOIQD8sw==}
    dev: true

  /picocolors/1.0.0:
    resolution: {integrity: sha512-1fygroTLlHu66zi26VoTDv8yRgm0Fccecssto+MhsZ0D/DGW2sm8E8AjW7NU5VVTRt5GxbeZ5qBuJr+HyLYkjQ==}
    dev: true

  /picomatch/2.3.1:
    resolution: {integrity: sha512-JU3teHTNjmE2VCGFzuY8EXzCDVwEqB2a8fsIvwaStHhAWJEeVd1o1QD80CU6+ZdEXXSLbSsuLwJjkCBWqRQUVA==}
    engines: {node: '>=8.6'}
    dev: true

  /pify/2.3.0:
    resolution: {integrity: sha512-udgsAY+fTnvv7kI7aaxbqwWNb0AHiB0qBO89PZKPkoTmGOgdbrHDKD+0B2X4uTfJ/FT1R09r9gTsjUjNJotuog==}
    engines: {node: '>=0.10.0'}
    dev: true

  /postcss-import/14.1.0_postcss@8.4.19:
    resolution: {integrity: sha512-flwI+Vgm4SElObFVPpTIT7SU7R3qk2L7PyduMcokiaVKuWv9d/U+Gm/QAd8NDLuykTWTkcrjOeD2Pp1rMeBTGw==}
    engines: {node: '>=10.0.0'}
    peerDependencies:
      postcss: ^8.0.0
    dependencies:
      postcss: 8.4.19
      postcss-value-parser: 4.2.0
      read-cache: 1.0.0
      resolve: 1.22.1
    dev: true

  /postcss-value-parser/4.2.0:
    resolution: {integrity: sha512-1NNCs6uurfkVbeXG4S8JFT9t19m45ICnif8zWLd5oPSZ50QnwMfK+H3jv408d4jw/7Bttv5axS5IiHoLaVNHeQ==}
    dev: true

  /postcss/8.4.19:
    resolution: {integrity: sha512-h+pbPsyhlYj6N2ozBmHhHrs9DzGmbaarbLvWipMRO7RLS+v4onj26MPFXA5OBYFxyqYhUJK456SwDcY9H2/zsA==}
    engines: {node: ^10 || ^12 || >=14}
    dependencies:
      nanoid: 3.3.4
      picocolors: 1.0.0
      source-map-js: 1.0.2
    dev: true

  /read-cache/1.0.0:
    resolution: {integrity: sha512-Owdv/Ft7IjOgm/i0xvNDZ1LrRANRfew4b2prF3OWMQLxLfu3bS8FVhCsrSCMK4lR56Y9ya+AThoTpDCTxCmpRA==}
    dependencies:
      pify: 2.3.0
    dev: true

  /readdirp/3.6.0:
    resolution: {integrity: sha512-hOS089on8RduqdbhvQ5Z37A0ESjsqz6qnRcffsMU3495FuTdqSm+7bhJ29JvIOsBDEEnan5DPu9t3To9VRlMzA==}
    engines: {node: '>=8.10.0'}
    dependencies:
      picomatch: 2.3.1
    dev: true

  /regex-parser/2.2.11:
    resolution: {integrity: sha512-jbD/FT0+9MBU2XAZluI7w2OBs1RBi6p9M83nkoZayQXXU9e8Robt69FcZc7wU4eJD/YFTjn1JdCk3rbMJajz8Q==}
    dev: true

  /rematrix/0.3.0:
    resolution: {integrity: sha512-xB/9ZvJIKaDgXX0qkvV9/pLD8zK23A6TVV6F8Vhsl+SrxbBeVYutz5uszxgC6Rt3RP9LZiH8OXaYjr+x6WXWmQ==}
    dev: false

  /resolve-url-loader/5.0.0:
    resolution: {integrity: sha512-uZtduh8/8srhBoMx//5bwqjQ+rfYOUq8zC9NrMUGtjBiGTtFJM42s58/36+hTqeqINcnYe08Nj3LkK9lW4N8Xg==}
    engines: {node: '>=12'}
    dependencies:
      adjust-sourcemap-loader: 4.0.0
      convert-source-map: 1.9.0
      loader-utils: 2.0.4
      postcss: 8.4.19
      source-map: 0.6.1
    dev: true

  /resolve/1.22.1:
    resolution: {integrity: sha512-nBpuuYuY5jFsli/JIs1oldw6fOQCBioohqWZg/2hiaOybXOft4lonv85uDOKXdf8rhyK159cxU5cDcK/NKk8zw==}
    hasBin: true
    dependencies:
      is-core-module: 2.11.0
      path-parse: 1.0.7
      supports-preserve-symlinks-flag: 1.0.0
    dev: true

  /rollup/2.79.1:
    resolution: {integrity: sha512-uKxbd0IhMZOhjAiD5oAFp7BqvkA4Dv47qpOCtaNvng4HBwdbWtdOh8f5nZNuk2rp51PMGk3bzfWu5oayNEuYnw==}
    engines: {node: '>=10.0.0'}
    hasBin: true
    optionalDependencies:
      fsevents: 2.3.2
    dev: true

  /sass-loader/12.6.0_sass@1.56.1:
    resolution: {integrity: sha512-oLTaH0YCtX4cfnJZxKSLAyglED0naiYfNG1iXfU5w1LNZ+ukoA5DtyDIN5zmKVZwYNJP4KRc5Y3hkWga+7tYfA==}
    engines: {node: '>= 12.13.0'}
    peerDependencies:
      fibers: '>= 3.1.0'
      node-sass: ^4.0.0 || ^5.0.0 || ^6.0.0 || ^7.0.0
      sass: ^1.3.0
      sass-embedded: '*'
      webpack: ^5.0.0
    peerDependenciesMeta:
      fibers:
        optional: true
      node-sass:
        optional: true
      sass:
        optional: true
      sass-embedded:
        optional: true
    dependencies:
      klona: 2.0.5
      neo-async: 2.6.2
      sass: 1.56.1
    dev: true

  /sass/1.56.1:
    resolution: {integrity: sha512-VpEyKpyBPCxE7qGDtOcdJ6fFbcpOM+Emu7uZLxVrkX8KVU/Dp5UF7WLvzqRuUhB6mqqQt1xffLoG+AndxTZrCQ==}
    engines: {node: '>=12.0.0'}
    hasBin: true
    dependencies:
      chokidar: 3.5.3
      immutable: 4.1.0
      source-map-js: 1.0.2
    dev: true

  /scrollreveal/4.0.9:
    resolution: {integrity: sha512-fefGvzVS8YbXbDK1+T0kvy2yqxaiBJZeGUhPeqajf+7sGqtX4xikbKGAlzQuPCpswAMswx94ZwhDjXKnRIqW1w==}
    requiresBuild: true
    dependencies:
      miniraf: 1.0.0
      rematrix: 0.3.0
      tealight: 0.3.6
    dev: false

  /source-map-js/1.0.2:
    resolution: {integrity: sha512-R0XvVJ9WusLiqTCEiGCmICCMplcCkIwwR11mOSD9CR5u+IXYdiseeEuXCVAjS54zqwkLcPNnmU4OeJ6tUrWhDw==}
    engines: {node: '>=0.10.0'}
    dev: true

  /source-map/0.6.1:
    resolution: {integrity: sha512-UjgapumWlbMhkBgzT7Ykc5YXUT46F0iKu8SGXq0bcwP5dz/h0Plj6enJqjz1Zbq2l5WaqYnrVbwWOWMyF3F47g==}
    engines: {node: '>=0.10.0'}
    dev: true

  /supports-preserve-symlinks-flag/1.0.0:
    resolution: {integrity: sha512-ot0WnXS9fgdkgIcePe6RHNk1WA8+muPa6cSjeR3V8K27q9BB1rTE3R1p7Hv0z1ZyAc8s6Vvv8DIyWf681MAt0w==}
    engines: {node: '>= 0.4'}
    dev: true

  /tealight/0.3.6:
    resolution: {integrity: sha512-Dys3N8jFBThD9pNVpPCyUiu6DfWcTBdqWQJIvnAuVaFkGEdrPBJ43070vVbn6sTlLvn2IQK2zFW4FrVIrTo8eQ==}
    dependencies:
      is-dom-node: 1.0.4
      is-dom-node-list: 1.2.1
    dev: false

  /to-regex-range/5.0.1:
    resolution: {integrity: sha512-65P7iz6X5yEr1cwcgvQxbbIw7Uk3gOy5dIdtZ4rDveLqhrdJP+Li/Hx6tyK0NEb+2GCyneCMJiGqrADCSNk8sQ==}
    engines: {node: '>=8.0'}
    dependencies:
      is-number: 7.0.0
    dev: true

  /typed.js/2.0.12:
    resolution: {integrity: sha512-lyACZh1cu+vpfYY3DG/bvsGLXXbdoDDpWxmqta10IQUdMXisMXOEyl+jos+YT9uBbzK4QaKYBjT3R0kTJO0Slw==}
    dev: false

  /vite-plugin-full-reload/1.0.4_vite@3.2.4:
    resolution: {integrity: sha512-9WejQII6zJ++m/YE173Zvl2jq4cqa404KNrVT+JDzDnqaGRq5UvOvA48fnsSWPIMXFV7S0dq5+sZqcSB+tKBgA==}
    peerDependencies:
      vite: ^2 || ^3
    dependencies:
      picocolors: 1.0.0
      picomatch: 2.3.1
      vite: 3.2.4_sass@1.56.1
    dev: true

  /vite/3.2.4_sass@1.56.1:
    resolution: {integrity: sha512-Z2X6SRAffOUYTa+sLy3NQ7nlHFU100xwanq1WDwqaiFiCe+25zdxP1TfCS5ojPV2oDDcXudHIoPnI1Z/66B7Yw==}
    engines: {node: ^14.18.0 || >=16.0.0}
    hasBin: true
    peerDependencies:
      '@types/node': '>= 14'
      less: '*'
      sass: '*'
      stylus: '*'
      sugarss: '*'
      terser: ^5.4.0
    peerDependenciesMeta:
      '@types/node':
        optional: true
      less:
        optional: true
      sass:
        optional: true
      stylus:
        optional: true
      sugarss:
        optional: true
      terser:
        optional: true
    dependencies:
      esbuild: 0.15.16
      postcss: 8.4.19
      resolve: 1.22.1
      rollup: 2.79.1
      sass: 1.56.1
    optionalDependencies:
      fsevents: 2.3.2
    dev: true
